
Microsoft Visual Studio Solution File, Format Version 12.00
Project("{FAE04EC0-301F-11D3-BF4B-00C04F79EFBC}") = "OsuLazerFilesSymlinker", "OsuLazerFilesSymlinker.csproj", "{A685539C-7F3E-4805-A6FE-403E59CB543E}"
EndProject
Global
	GlobalSection(SolutionConfigurationPlatforms) = preSolution
		Debug|Any CPU = Debug|Any CPU
		Release|Any CPU = Release|Any CPU
	EndGlobalSection
	GlobalSection(ProjectConfigurationPlatforms) = postSolution
		{A685539C-7F3E-4805-A6FE-403E59CB543E}.Debug|Any CPU.ActiveCfg = Debug|Any CPU
		{A685539C-7F3E-4805-A6FE-403E59CB543E}.Debug|Any CPU.Build.0 = Debug|Any CPU
		{A685539C-7F3E-4805-A6FE-403E59CB543E}.Release|Any CPU.ActiveCfg = Release|Any CPU
		{A685539C-7F3E-4805-A6FE-403E59CB543E}.Release|Any CPU.Build.0 = Release|Any CPU
	EndGlobalSection
EndGlobal
